
Microsoft Visual Studio Solution File, Format Version 12.00
# Visual Studio Version 16
VisualStudioVersion = 16.0.29411.108
MinimumVisualStudioVersion = 10.0.40219.1
Project("{2150E333-8FDC-42A3-9474-1A3956D46DE8}") = "Api", "Api", "{174FE7FF-2364-4178-B810-65772DC3843F}"
EndProject
Project("{FAE04EC0-301F-11D3-BF4B-00C04F79EFBC}") = "LinkedInApplication.Api", "LinkedInApplication.Api\LinkedInApplication.Api.csproj", "{80C963E7-B279-4B78-85B0-3C2DEAD098EF}"
EndProject
Project("{2150E333-8FDC-42A3-9474-1A3956D46DE8}") = "Core", "Core", "{4C70BCC8-CDAA-4B01-B66B-4F5CDAF62B19}"
EndProject
Project("{FAE04EC0-301F-11D3-BF4B-00C04F79EFBC}") = "LinkedInApplication.Infrastructure", "LinkedInApplication.Infrastructure\LinkedInApplication.Infrastructure.csproj", "{A093E991-4305-41C8-96E7-57E5CFDAA842}"
EndProject
Project("{2150E333-8FDC-42A3-9474-1A3956D46DE8}") = "Domain", "Domain", "{886740C7-9189-4953-8233-6C93CF242519}"
EndProject
Project("{FAE04EC0-301F-11D3-BF4B-00C04F79EFBC}") = "LinkedInApplication.Domain", "LinkedInApplication.Domain\LinkedInApplication.Domain.csproj", "{DB71093E-CDF6-43BD-ABFB-A0113E74035F}"
EndProject
Project("{FAE04EC0-301F-11D3-BF4B-00C04F79EFBC}") = "LinkedInApplication.BoundedContext", "LinkedInApplication.BoundedContext\LinkedInApplication.BoundedContext.csproj", "{36FEBB58-C6CD-481B-97C2-E02A9D23B087}"
EndProject
Project("{FAE04EC0-301F-11D3-BF4B-00C04F79EFBC}") = "LinkedInApplication.UnitOfWork", "LinkedInApplication.UnitOfWork\LinkedInApplication.UnitOfWork.csproj", "{EE4BE4F4-4449-4B23-BB83-609F81DAB97A}"
EndProject
Project("{2150E333-8FDC-42A3-9474-1A3956D46DE8}") = "Models", "Models", "{2DEADA40-E05A-4831-9BEC-2266CD059D6F}"
EndProject
Project("{FAE04EC0-301F-11D3-BF4B-00C04F79EFBC}") = "LinkedInApplication.Models", "LinkedInApplication.Models\LinkedInApplication.Models.csproj", "{FAF8B656-7623-4DC0-8B4A-32707D3730E2}"
EndProject
Global
	GlobalSection(SolutionConfigurationPlatforms) = preSolution
		Debug|Any CPU = Debug|Any CPU
		Release|Any CPU = Release|Any CPU
	EndGlobalSection
	GlobalSection(ProjectConfigurationPlatforms) = postSolution
		{80C963E7-B279-4B78-85B0-3C2DEAD098EF}.Debug|Any CPU.ActiveCfg = Debug|Any CPU
		{80C963E7-B279-4B78-85B0-3C2DEAD098EF}.Debug|Any CPU.Build.0 = Debug|Any CPU
		{80C963E7-B279-4B78-85B0-3C2DEAD098EF}.Release|Any CPU.ActiveCfg = Release|Any CPU
		{80C963E7-B279-4B78-85B0-3C2DEAD098EF}.Release|Any CPU.Build.0 = Release|Any CPU
		{A093E991-4305-41C8-96E7-57E5CFDAA842}.Debug|Any CPU.ActiveCfg = Debug|Any CPU
		{A093E991-4305-41C8-96E7-57E5CFDAA842}.Debug|Any CPU.Build.0 = Debug|Any CPU
		{A093E991-4305-41C8-96E7-57E5CFDAA842}.Release|Any CPU.ActiveCfg = Release|Any CPU
		{A093E991-4305-41C8-96E7-57E5CFDAA842}.Release|Any CPU.Build.0 = Release|Any CPU
		{DB71093E-CDF6-43BD-ABFB-A0113E74035F}.Debug|Any CPU.ActiveCfg = Debug|Any CPU
		{DB71093E-CDF6-43BD-ABFB-A0113E74035F}.Debug|Any CPU.Build.0 = Debug|Any CPU
		{DB71093E-CDF6-43BD-ABFB-A0113E74035F}.Release|Any CPU.ActiveCfg = Release|Any CPU
		{DB71093E-CDF6-43BD-ABFB-A0113E74035F}.Release|Any CPU.Build.0 = Release|Any CPU
		{36FEBB58-C6CD-481B-97C2-E02A9D23B087}.Debug|Any CPU.ActiveCfg = Debug|Any CPU
		{36FEBB58-C6CD-481B-97C2-E02A9D23B087}.Debug|Any CPU.Build.0 = Debug|Any CPU
		{36FEBB58-C6CD-481B-97C2-E02A9D23B087}.Release|Any CPU.ActiveCfg = Release|Any CPU
		{36FEBB58-C6CD-481B-97C2-E02A9D23B087}.Release|Any CPU.Build.0 = Release|Any CPU
		{EE4BE4F4-4449-4B23-BB83-609F81DAB97A}.Debug|Any CPU.ActiveCfg = Debug|Any CPU
		{EE4BE4F4-4449-4B23-BB83-609F81DAB97A}.Debug|Any CPU.Build.0 = Debug|Any CPU
		{EE4BE4F4-4449-4B23-BB83-609F81DAB97A}.Release|Any CPU.ActiveCfg = Release|Any CPU
		{EE4BE4F4-4449-4B23-BB83-609F81DAB97A}.Release|Any CPU.Build.0 = Release|Any CPU
		{FAF8B656-7623-4DC0-8B4A-32707D3730E2}.Debug|Any CPU.ActiveCfg = Debug|Any CPU
		{FAF8B656-7623-4DC0-8B4A-32707D3730E2}.Debug|Any CPU.Build.0 = Debug|Any CPU
		{FAF8B656-7623-4DC0-8B4A-32707D3730E2}.Release|Any CPU.ActiveCfg = Release|Any CPU
		{FAF8B656-7623-4DC0-8B4A-32707D3730E2}.Release|Any CPU.Build.0 = Release|Any CPU
	EndGlobalSection
	GlobalSection(SolutionProperties) = preSolution
		HideSolutionNode = FALSE
	EndGlobalSection
	GlobalSection(NestedProjects) = preSolution
		{80C963E7-B279-4B78-85B0-3C2DEAD098EF} = {174FE7FF-2364-4178-B810-65772DC3843F}
		{A093E991-4305-41C8-96E7-57E5CFDAA842} = {4C70BCC8-CDAA-4B01-B66B-4F5CDAF62B19}
		{DB71093E-CDF6-43BD-ABFB-A0113E74035F} = {886740C7-9189-4953-8233-6C93CF242519}
		{36FEBB58-C6CD-481B-97C2-E02A9D23B087} = {886740C7-9189-4953-8233-6C93CF242519}
		{EE4BE4F4-4449-4B23-BB83-609F81DAB97A} = {886740C7-9189-4953-8233-6C93CF242519}
		{FAF8B656-7623-4DC0-8B4A-32707D3730E2} = {2DEADA40-E05A-4831-9BEC-2266CD059D6F}
	EndGlobalSection
	GlobalSection(ExtensibilityGlobals) = postSolution
		SolutionGuid = {9C2FA1FF-3870-4265-8083-A77C7C0C2400}
	EndGlobalSection
EndGlobal
