
Microsoft Visual Studio Solution File, Format Version 12.00
# Visual Studio Version 16
VisualStudioVersion = 16.0.29411.108
MinimumVisualStudioVersion = 10.0.40219.1
Project("{2150E333-8FDC-42A3-9474-1A3956D46DE8}") = "Api", "Api", "{E3D2B989-559E-458B-9980-3EE2A2F2DE32}"
EndProject
Project("{FAE04EC0-301F-11D3-BF4B-00C04F79EFBC}") = "LinkedInApplication.Api", "LinkedInApplication.Api\LinkedInApplication.Api.csproj", "{0ACD6F4D-5C7F-4F5F-B0B6-BF806C8295AE}"
EndProject
Project("{2150E333-8FDC-42A3-9474-1A3956D46DE8}") = "Core", "Core", "{A4103C27-BBE4-4D38-A88D-027701EFDEEE}"
EndProject
Project("{FAE04EC0-301F-11D3-BF4B-00C04F79EFBC}") = "LinkedInApplication.Infrastructure", "LinkedInApplication.Infrastructure\LinkedInApplication.Infrastructure.csproj", "{2D68FC7D-F547-4F7C-A1D1-A5FF53944D9F}"
EndProject
Project("{2150E333-8FDC-42A3-9474-1A3956D46DE8}") = "Domain", "Domain", "{5B9CDDA9-55A9-41E7-A238-3FEDC6DBC97C}"
EndProject
Project("{FAE04EC0-301F-11D3-BF4B-00C04F79EFBC}") = "LinkedInApplication.Domain", "LinkedInApplication.Domain\LinkedInApplication.Domain.csproj", "{5AC643DC-5A86-4E09-A0A4-2384D3A73B1D}"
EndProject
Project("{FAE04EC0-301F-11D3-BF4B-00C04F79EFBC}") = "LinkedInApplication.BoundedContext", "LinkedInApplication.BoundedContext\LinkedInApplication.BoundedContext.csproj", "{175D4565-32DC-45C6-A035-0E29304EE694}"
EndProject
Project("{FAE04EC0-301F-11D3-BF4B-00C04F79EFBC}") = "LinkedInApplication.UnitOfWork", "LinkedInApplication.UnitOfWork\LinkedInApplication.UnitOfWork.csproj", "{6D2BD64B-C468-4891-B774-BD4634514134}"
EndProject
Project("{2150E333-8FDC-42A3-9474-1A3956D46DE8}") = "Models", "Models", "{9A7C90D3-8F33-4D19-9EEF-936127A8E1EC}"
EndProject
Project("{FAE04EC0-301F-11D3-BF4B-00C04F79EFBC}") = "LinkedInApplication.Models", "LinkedInApplication.Models\LinkedInApplication.Models.csproj", "{DD2945F2-EB21-4568-B363-17F0E70E8750}"
EndProject
Global
	GlobalSection(SolutionConfigurationPlatforms) = preSolution
		Debug|Any CPU = Debug|Any CPU
		Release|Any CPU = Release|Any CPU
	EndGlobalSection
	GlobalSection(ProjectConfigurationPlatforms) = postSolution
		{0ACD6F4D-5C7F-4F5F-B0B6-BF806C8295AE}.Debug|Any CPU.ActiveCfg = Debug|Any CPU
		{0ACD6F4D-5C7F-4F5F-B0B6-BF806C8295AE}.Debug|Any CPU.Build.0 = Debug|Any CPU
		{0ACD6F4D-5C7F-4F5F-B0B6-BF806C8295AE}.Release|Any CPU.ActiveCfg = Release|Any CPU
		{0ACD6F4D-5C7F-4F5F-B0B6-BF806C8295AE}.Release|Any CPU.Build.0 = Release|Any CPU
		{2D68FC7D-F547-4F7C-A1D1-A5FF53944D9F}.Debug|Any CPU.ActiveCfg = Debug|Any CPU
		{2D68FC7D-F547-4F7C-A1D1-A5FF53944D9F}.Debug|Any CPU.Build.0 = Debug|Any CPU
		{2D68FC7D-F547-4F7C-A1D1-A5FF53944D9F}.Release|Any CPU.ActiveCfg = Release|Any CPU
		{2D68FC7D-F547-4F7C-A1D1-A5FF53944D9F}.Release|Any CPU.Build.0 = Release|Any CPU
		{5AC643DC-5A86-4E09-A0A4-2384D3A73B1D}.Debug|Any CPU.ActiveCfg = Debug|Any CPU
		{5AC643DC-5A86-4E09-A0A4-2384D3A73B1D}.Debug|Any CPU.Build.0 = Debug|Any CPU
		{5AC643DC-5A86-4E09-A0A4-2384D3A73B1D}.Release|Any CPU.ActiveCfg = Release|Any CPU
		{5AC643DC-5A86-4E09-A0A4-2384D3A73B1D}.Release|Any CPU.Build.0 = Release|Any CPU
		{175D4565-32DC-45C6-A035-0E29304EE694}.Debug|Any CPU.ActiveCfg = Debug|Any CPU
		{175D4565-32DC-45C6-A035-0E29304EE694}.Debug|Any CPU.Build.0 = Debug|Any CPU
		{175D4565-32DC-45C6-A035-0E29304EE694}.Release|Any CPU.ActiveCfg = Release|Any CPU
		{175D4565-32DC-45C6-A035-0E29304EE694}.Release|Any CPU.Build.0 = Release|Any CPU
		{6D2BD64B-C468-4891-B774-BD4634514134}.Debug|Any CPU.ActiveCfg = Debug|Any CPU
		{6D2BD64B-C468-4891-B774-BD4634514134}.Debug|Any CPU.Build.0 = Debug|Any CPU
		{6D2BD64B-C468-4891-B774-BD4634514134}.Release|Any CPU.ActiveCfg = Release|Any CPU
		{6D2BD64B-C468-4891-B774-BD4634514134}.Release|Any CPU.Build.0 = Release|Any CPU
		{DD2945F2-EB21-4568-B363-17F0E70E8750}.Debug|Any CPU.ActiveCfg = Debug|Any CPU
		{DD2945F2-EB21-4568-B363-17F0E70E8750}.Debug|Any CPU.Build.0 = Debug|Any CPU
		{DD2945F2-EB21-4568-B363-17F0E70E8750}.Release|Any CPU.ActiveCfg = Release|Any CPU
		{DD2945F2-EB21-4568-B363-17F0E70E8750}.Release|Any CPU.Build.0 = Release|Any CPU
	EndGlobalSection
	GlobalSection(SolutionProperties) = preSolution
		HideSolutionNode = FALSE
	EndGlobalSection
	GlobalSection(NestedProjects) = preSolution
		{0ACD6F4D-5C7F-4F5F-B0B6-BF806C8295AE} = {E3D2B989-559E-458B-9980-3EE2A2F2DE32}
		{2D68FC7D-F547-4F7C-A1D1-A5FF53944D9F} = {A4103C27-BBE4-4D38-A88D-027701EFDEEE}
		{5AC643DC-5A86-4E09-A0A4-2384D3A73B1D} = {5B9CDDA9-55A9-41E7-A238-3FEDC6DBC97C}
		{175D4565-32DC-45C6-A035-0E29304EE694} = {5B9CDDA9-55A9-41E7-A238-3FEDC6DBC97C}
		{6D2BD64B-C468-4891-B774-BD4634514134} = {5B9CDDA9-55A9-41E7-A238-3FEDC6DBC97C}
		{DD2945F2-EB21-4568-B363-17F0E70E8750} = {9A7C90D3-8F33-4D19-9EEF-936127A8E1EC}
	EndGlobalSection
	GlobalSection(ExtensibilityGlobals) = postSolution
		SolutionGuid = {392949A0-9A0A-4B4B-8466-214DC7DCAA42}
	EndGlobalSection
EndGlobal
